
Microsoft Visual Studio Solution File, Format Version 12.00
# Visual Studio Version 17
VisualStudioVersion = 17.14.37216.2
MinimumVisualStudioVersion = 10.0.40219.1
Project("{FAE04EC0-301F-11D3-BF4B-00C04F79EFBC}") = "MedicalAppointmentSystem.Web", "MedicalAppointmentSystem.Web.csproj", "{EA56F7FC-126D-430A-9E52-0448CD5D8755}"
EndProject
Project("{FAE04EC0-301F-11D3-BF4B-00C04F79EFBC}") = "MedicalAppointmentSystem.Domain", "MedicalAppointmentSystem.Domain\MedicalAppointmentSystem.Domain.csproj", "{C84A20AA-7240-4AA0-912F-709DBABC8A18}"
EndProject
Project("{FAE04EC0-301F-11D3-BF4B-00C04F79EFBC}") = "MedicalAppointmentSystem.BusinessLogic", "MedicalAppointmentSystem.BusinessLogic\MedicalAppointmentSystem.BusinessLogic.csproj", "{8FE978B5-2C94-4E7E-9DFD-02DD7C36FC4A}"
EndProject
Project("{FAE04EC0-301F-11D3-BF4B-00C04F79EFBC}") = "MedicalAppointmentSystem.DataAccess", "MedicalAppointmentSystem.DataAccess\MedicalAppointmentSystem.DataAccess.csproj", "{0C52D4EE-4050-4121-915C-B8A8A2063712}"
EndProject
Global
	GlobalSection(SolutionConfigurationPlatforms) = preSolution
		Debug|Any CPU = Debug|Any CPU
		Debug|x64 = Debug|x64
		Debug|x86 = Debug|x86
		Release|Any CPU = Release|Any CPU
		Release|x64 = Release|x64
		Release|x86 = Release|x86
	EndGlobalSection
	GlobalSection(ProjectConfigurationPlatforms) = postSolution
		{EA56F7FC-126D-430A-9E52-0448CD5D8755}.Debug|Any CPU.ActiveCfg = Debug|Any CPU
		{EA56F7FC-126D-430A-9E52-0448CD5D8755}.Debug|Any CPU.Build.0 = Debug|Any CPU
		{EA56F7FC-126D-430A-9E52-0448CD5D8755}.Debug|x64.ActiveCfg = Debug|Any CPU
		{EA56F7FC-126D-430A-9E52-0448CD5D8755}.Debug|x64.Build.0 = Debug|Any CPU
		{EA56F7FC-126D-430A-9E52-0448CD5D8755}.Debug|x86.ActiveCfg = Debug|Any CPU
		{EA56F7FC-126D-430A-9E52-0448CD5D8755}.Debug|x86.Build.0 = Debug|Any CPU
		{EA56F7FC-126D-430A-9E52-0448CD5D8755}.Release|Any CPU.ActiveCfg = Release|Any CPU
		{EA56F7FC-126D-430A-9E52-0448CD5D8755}.Release|Any CPU.Build.0 = Release|Any CPU
		{EA56F7FC-126D-430A-9E52-0448CD5D8755}.Release|x64.ActiveCfg = Release|Any CPU
		{EA56F7FC-126D-430A-9E52-0448CD5D8755}.Release|x64.Build.0 = Release|Any CPU
		{EA56F7FC-126D-430A-9E52-0448CD5D8755}.Release|x86.ActiveCfg = Release|Any CPU
		{EA56F7FC-126D-430A-9E52-0448CD5D8755}.Release|x86.Build.0 = Release|Any CPU
		{C84A20AA-7240-4AA0-912F-709DBABC8A18}.Debug|Any CPU.ActiveCfg = Debug|Any CPU
		{C84A20AA-7240-4AA0-912F-709DBABC8A18}.Debug|Any CPU.Build.0 = Debug|Any CPU
		{C84A20AA-7240-4AA0-912F-709DBABC8A18}.Debug|x64.ActiveCfg = Debug|Any CPU
		{C84A20AA-7240-4AA0-912F-709DBABC8A18}.Debug|x64.Build.0 = Debug|Any CPU
		{C84A20AA-7240-4AA0-912F-709DBABC8A18}.Debug|x86.ActiveCfg = Debug|Any CPU
		{C84A20AA-7240-4AA0-912F-709DBABC8A18}.Debug|x86.Build.0 = Debug|Any CPU
		{C84A20AA-7240-4AA0-912F-709DBABC8A18}.Release|Any CPU.ActiveCfg = Release|Any CPU
		{C84A20AA-7240-4AA0-912F-709DBABC8A18}.Release|Any CPU.Build.0 = Release|Any CPU
		{C84A20AA-7240-4AA0-912F-709DBABC8A18}.Release|x64.ActiveCfg = Release|Any CPU
		{C84A20AA-7240-4AA0-912F-709DBABC8A18}.Release|x64.Build.0 = Release|Any CPU
		{C84A20AA-7240-4AA0-912F-709DBABC8A18}.Release|x86.ActiveCfg = Release|Any CPU
		{C84A20AA-7240-4AA0-912F-709DBABC8A18}.Release|x86.Build.0 = Release|Any CPU
		{8FE978B5-2C94-4E7E-9DFD-02DD7C36FC4A}.Debug|Any CPU.ActiveCfg = Debug|Any CPU
		{8FE978B5-2C94-4E7E-9DFD-02DD7C36FC4A}.Debug|Any CPU.Build.0 = Debug|Any CPU
		{8FE978B5-2C94-4E7E-9DFD-02DD7C36FC4A}.Debug|x64.ActiveCfg = Debug|Any CPU
		{8FE978B5-2C94-4E7E-9DFD-02DD7C36FC4A}.Debug|x64.Build.0 = Debug|Any CPU
		{8FE978B5-2C94-4E7E-9DFD-02DD7C36FC4A}.Debug|x86.ActiveCfg = Debug|Any CPU
		{8FE978B5-2C94-4E7E-9DFD-02DD7C36FC4A}.Debug|x86.Build.0 = Debug|Any CPU
		{8FE978B5-2C94-4E7E-9DFD-02DD7C36FC4A}.Release|Any CPU.ActiveCfg = Release|Any CPU
		{8FE978B5-2C94-4E7E-9DFD-02DD7C36FC4A}.Release|Any CPU.Build.0 = Release|Any CPU
		{8FE978B5-2C94-4E7E-9DFD-02DD7C36FC4A}.Release|x64.ActiveCfg = Release|Any CPU
		{8FE978B5-2C94-4E7E-9DFD-02DD7C36FC4A}.Release|x64.Build.0 = Release|Any CPU
		{8FE978B5-2C94-4E7E-9DFD-02DD7C36FC4A}.Release|x86.ActiveCfg = Release|Any CPU
		{8FE978B5-2C94-4E7E-9DFD-02DD7C36FC4A}.Release|x86.Build.0 = Release|Any CPU
		{0C52D4EE-4050-4121-915C-B8A8A2063712}.Debug|Any CPU.ActiveCfg = Debug|Any CPU
		{0C52D4EE-4050-4121-915C-B8A8A2063712}.Debug|Any CPU.Build.0 = Debug|Any CPU
		{0C52D4EE-4050-4121-915C-B8A8A2063712}.Debug|x64.ActiveCfg = Debug|Any CPU
		{0C52D4EE-4050-4121-915C-B8A8A2063712}.Debug|x64.Build.0 = Debug|Any CPU
		{0C52D4EE-4050-4121-915C-B8A8A2063712}.Debug|x86.ActiveCfg = Debug|Any CPU
		{0C52D4EE-4050-4121-915C-B8A8A2063712}.Debug|x86.Build.0 = Debug|Any CPU
		{0C52D4EE-4050-4121-915C-B8A8A2063712}.Release|Any CPU.ActiveCfg = Release|Any CPU
		{0C52D4EE-4050-4121-915C-B8A8A2063712}.Release|Any CPU.Build.0 = Release|Any CPU
		{0C52D4EE-4050-4121-915C-B8A8A2063712}.Release|x64.ActiveCfg = Release|Any CPU
		{0C52D4EE-4050-4121-915C-B8A8A2063712}.Release|x64.Build.0 = Release|Any CPU
		{0C52D4EE-4050-4121-915C-B8A8A2063712}.Release|x86.ActiveCfg = Release|Any CPU
		{0C52D4EE-4050-4121-915C-B8A8A2063712}.Release|x86.Build.0 = Release|Any CPU
	EndGlobalSection
	GlobalSection(SolutionProperties) = preSolution
		HideSolutionNode = FALSE
	EndGlobalSection
	GlobalSection(ExtensibilityGlobals) = postSolution
		SolutionGuid = {EB5BC9DC-B659-40C8-AB28-BF0421CA5712}
	EndGlobalSection
EndGlobal
